
Microsoft Visual Studio Solution File, Format Version 12.00
# Visual Studio 15
VisualStudioVersion = 15.0.28307.1705
MinimumVisualStudioVersion = 10.0.40219.1
Project("{9A19103F-16F7-4668-BE54-9A1E7A4F7556}") = "BankDotNet.IdentitySvr", "BankOfDotNet.IdentitySvr\BankDotNet.IdentitySvr.csproj", "{C3C87B80-977A-4EDB-A2EE-D17B75EB7BA5}"
EndProject
Project("{9A19103F-16F7-4668-BE54-9A1E7A4F7556}") = "BankOfDotNet.ConsoleClient", "BankOfDotNet.ConsoleClient\BankOfDotNet.ConsoleClient.csproj", "{C9A647F5-EF0E-4D20-AAF2-CFB928B5D016}"
EndProject
Project("{9A19103F-16F7-4668-BE54-9A1E7A4F7556}") = "BankOfDotNet.MvcClient", "BankOfDotNet.MvcClient\BankOfDotNet.MvcClient.csproj", "{D288EEF6-BA9E-4BA0-B83E-1D076288F832}"
EndProject
Project("{9A19103F-16F7-4668-BE54-9A1E7A4F7556}") = "BankDotNet.API", "ResourceAPI2\BankDotNet.API.csproj", "{56CD550F-8441-4314-8549-36F07C07E73C}"
EndProject
Global
	GlobalSection(SolutionConfigurationPlatforms) = preSolution
		Debug|Any CPU = Debug|Any CPU
		Release|Any CPU = Release|Any CPU
	EndGlobalSection
	GlobalSection(ProjectConfigurationPlatforms) = postSolution
		{C3C87B80-977A-4EDB-A2EE-D17B75EB7BA5}.Debug|Any CPU.ActiveCfg = Debug|Any CPU
		{C3C87B80-977A-4EDB-A2EE-D17B75EB7BA5}.Debug|Any CPU.Build.0 = Debug|Any CPU
		{C3C87B80-977A-4EDB-A2EE-D17B75EB7BA5}.Release|Any CPU.ActiveCfg = Release|Any CPU
		{C3C87B80-977A-4EDB-A2EE-D17B75EB7BA5}.Release|Any CPU.Build.0 = Release|Any CPU
		{C9A647F5-EF0E-4D20-AAF2-CFB928B5D016}.Debug|Any CPU.ActiveCfg = Debug|Any CPU
		{C9A647F5-EF0E-4D20-AAF2-CFB928B5D016}.Debug|Any CPU.Build.0 = Debug|Any CPU
		{C9A647F5-EF0E-4D20-AAF2-CFB928B5D016}.Release|Any CPU.ActiveCfg = Release|Any CPU
		{C9A647F5-EF0E-4D20-AAF2-CFB928B5D016}.Release|Any CPU.Build.0 = Release|Any CPU
		{D288EEF6-BA9E-4BA0-B83E-1D076288F832}.Debug|Any CPU.ActiveCfg = Debug|Any CPU
		{D288EEF6-BA9E-4BA0-B83E-1D076288F832}.Debug|Any CPU.Build.0 = Debug|Any CPU
		{D288EEF6-BA9E-4BA0-B83E-1D076288F832}.Release|Any CPU.ActiveCfg = Release|Any CPU
		{D288EEF6-BA9E-4BA0-B83E-1D076288F832}.Release|Any CPU.Build.0 = Release|Any CPU
		{56CD550F-8441-4314-8549-36F07C07E73C}.Debug|Any CPU.ActiveCfg = Debug|Any CPU
		{56CD550F-8441-4314-8549-36F07C07E73C}.Debug|Any CPU.Build.0 = Debug|Any CPU
		{56CD550F-8441-4314-8549-36F07C07E73C}.Release|Any CPU.ActiveCfg = Release|Any CPU
		{56CD550F-8441-4314-8549-36F07C07E73C}.Release|Any CPU.Build.0 = Release|Any CPU
	EndGlobalSection
	GlobalSection(SolutionProperties) = preSolution
		HideSolutionNode = FALSE
	EndGlobalSection
	GlobalSection(ExtensibilityGlobals) = postSolution
		SolutionGuid = {748CC3BB-2984-40BC-8A05-CC410700FEF9}
	EndGlobalSection
EndGlobal
